
Microsoft Visual Studio Solution File, Format Version 12.00
# Visual Studio Version 16
VisualStudioVersion = 16.0.30011.22
MinimumVisualStudioVersion = 10.0.40219.1
Project("{8BC9CEB8-8B4A-11D0-8D11-00A0C91BC942}") = "mfcap", "mfcap\mfcap.vcxproj", "{802CB91A-FB46-42CE-99F0-EA0940B29D3C}"
EndProject
Project("{8BC9CEB8-8B4A-11D0-8D11-00A0C91BC942}") = "mfcap-dll", "mfcap-dll\mfcap-dll.vcxproj", "{E8D23EAF-17B0-48F8-A740-B9ECABC6035A}"
EndProject
Project("{8BC9CEB8-8B4A-11D0-8D11-00A0C91BC942}") = "mfcapc", "mfcapc\mfcapc.vcxproj", "{BDEE46BC-4E55-4B91-9B9C-E34DCAB67895}"
EndProject
Project("{8BC9CEB8-8B4A-11D0-8D11-00A0C91BC942}") = "mfgen", "mfgen\mfgen.vcxproj", "{24335E6B-6E52-4F24-BA1E-CF61EFFA6692}"
EndProject
Project("{8BC9CEB8-8B4A-11D0-8D11-00A0C91BC942}") = "mfplay", "mfplay\mfplay.vcxproj", "{EFD7C2C9-B637-45EA-BFA4-114D38990A93}"
EndProject
Global
	GlobalSection(SolutionConfigurationPlatforms) = preSolution
		Debug|x64 = Debug|x64
		Debug|x86 = Debug|x86
		Release|x64 = Release|x64
		Release|x86 = Release|x86
	EndGlobalSection
	GlobalSection(ProjectConfigurationPlatforms) = postSolution
		{802CB91A-FB46-42CE-99F0-EA0940B29D3C}.Debug|x64.ActiveCfg = Debug|x64
		{802CB91A-FB46-42CE-99F0-EA0940B29D3C}.Debug|x64.Build.0 = Debug|x64
		{802CB91A-FB46-42CE-99F0-EA0940B29D3C}.Debug|x86.ActiveCfg = Debug|Win32
		{802CB91A-FB46-42CE-99F0-EA0940B29D3C}.Debug|x86.Build.0 = Debug|Win32
		{802CB91A-FB46-42CE-99F0-EA0940B29D3C}.Release|x64.ActiveCfg = Release|x64
		{802CB91A-FB46-42CE-99F0-EA0940B29D3C}.Release|x64.Build.0 = Release|x64
		{802CB91A-FB46-42CE-99F0-EA0940B29D3C}.Release|x86.ActiveCfg = Release|Win32
		{802CB91A-FB46-42CE-99F0-EA0940B29D3C}.Release|x86.Build.0 = Release|Win32
		{E8D23EAF-17B0-48F8-A740-B9ECABC6035A}.Debug|x64.ActiveCfg = Debug|x64
		{E8D23EAF-17B0-48F8-A740-B9ECABC6035A}.Debug|x64.Build.0 = Debug|x64
		{E8D23EAF-17B0-48F8-A740-B9ECABC6035A}.Debug|x86.ActiveCfg = Debug|Win32
		{E8D23EAF-17B0-48F8-A740-B9ECABC6035A}.Debug|x86.Build.0 = Debug|Win32
		{E8D23EAF-17B0-48F8-A740-B9ECABC6035A}.Release|x64.ActiveCfg = Release|x64
		{E8D23EAF-17B0-48F8-A740-B9ECABC6035A}.Release|x64.Build.0 = Release|x64
		{E8D23EAF-17B0-48F8-A740-B9ECABC6035A}.Release|x86.ActiveCfg = Release|Win32
		{E8D23EAF-17B0-48F8-A740-B9ECABC6035A}.Release|x86.Build.0 = Release|Win32
		{BDEE46BC-4E55-4B91-9B9C-E34DCAB67895}.Debug|x64.ActiveCfg = Debug|x64
		{BDEE46BC-4E55-4B91-9B9C-E34DCAB67895}.Debug|x64.Build.0 = Debug|x64
		{BDEE46BC-4E55-4B91-9B9C-E34DCAB67895}.Debug|x86.ActiveCfg = Debug|Win32
		{BDEE46BC-4E55-4B91-9B9C-E34DCAB67895}.Debug|x86.Build.0 = Debug|Win32
		{BDEE46BC-4E55-4B91-9B9C-E34DCAB67895}.Release|x64.ActiveCfg = Release|x64
		{BDEE46BC-4E55-4B91-9B9C-E34DCAB67895}.Release|x64.Build.0 = Release|x64
		{BDEE46BC-4E55-4B91-9B9C-E34DCAB67895}.Release|x86.ActiveCfg = Release|Win32
		{BDEE46BC-4E55-4B91-9B9C-E34DCAB67895}.Release|x86.Build.0 = Release|Win32
		{24335E6B-6E52-4F24-BA1E-CF61EFFA6692}.Debug|x64.ActiveCfg = Debug|x64
		{24335E6B-6E52-4F24-BA1E-CF61EFFA6692}.Debug|x64.Build.0 = Debug|x64
		{24335E6B-6E52-4F24-BA1E-CF61EFFA6692}.Debug|x86.ActiveCfg = Debug|Win32
		{24335E6B-6E52-4F24-BA1E-CF61EFFA6692}.Debug|x86.Build.0 = Debug|Win32
		{24335E6B-6E52-4F24-BA1E-CF61EFFA6692}.Release|x64.ActiveCfg = Release|x64
		{24335E6B-6E52-4F24-BA1E-CF61EFFA6692}.Release|x64.Build.0 = Release|x64
		{24335E6B-6E52-4F24-BA1E-CF61EFFA6692}.Release|x86.ActiveCfg = Release|Win32
		{24335E6B-6E52-4F24-BA1E-CF61EFFA6692}.Release|x86.Build.0 = Release|Win32
		{EFD7C2C9-B637-45EA-BFA4-114D38990A93}.Debug|x64.ActiveCfg = Debug|x64
		{EFD7C2C9-B637-45EA-BFA4-114D38990A93}.Debug|x64.Build.0 = Debug|x64
		{EFD7C2C9-B637-45EA-BFA4-114D38990A93}.Debug|x86.ActiveCfg = Debug|Win32
		{EFD7C2C9-B637-45EA-BFA4-114D38990A93}.Debug|x86.Build.0 = Debug|Win32
		{EFD7C2C9-B637-45EA-BFA4-114D38990A93}.Release|x64.ActiveCfg = Release|x64
		{EFD7C2C9-B637-45EA-BFA4-114D38990A93}.Release|x64.Build.0 = Release|x64
		{EFD7C2C9-B637-45EA-BFA4-114D38990A93}.Release|x86.ActiveCfg = Release|Win32
		{EFD7C2C9-B637-45EA-BFA4-114D38990A93}.Release|x86.Build.0 = Release|Win32
	EndGlobalSection
	GlobalSection(SolutionProperties) = preSolution
		HideSolutionNode = FALSE
	EndGlobalSection
	GlobalSection(ExtensibilityGlobals) = postSolution
		SolutionGuid = {2A8D4D7A-796C-4EE5-B486-509D298A6CBB}
	EndGlobalSection
EndGlobal
