
Microsoft Visual Studio Solution File, Format Version 12.00
# Visual Studio Version 16
VisualStudioVersion = 16.0.30011.22
MinimumVisualStudioVersion = 10.0.40219.1
Project("{8BC9CEB8-8B4A-11D0-8D11-00A0C91BC942}") = "mfcap", "mfcap\mfcap.vcxproj", "{802CB91A-FB46-42CE-99F0-EA0940B29D3C}"
EndProject
Project("{8BC9CEB8-8B4A-11D0-8D11-00A0C91BC942}") = "mfcap-dll", "mfcap-dll\mfcap-dll.vcxproj", "{E8D23EAF-17B0-48F8-A740-B9ECABC6035A}"
EndProject
Project("{8BC9CEB8-8B4A-11D0-8D11-00A0C91BC942}") = "mfcapc", "mfcapc\mfcapc.vcxproj", "{BDEE46BC-4E55-4B91-9B9C-E34DCAB67895}"
EndProject
Project("{8BC9CEB8-8B4A-11D0-8D11-00A0C91BC942}") = "mfgen", "mfgen\mfgen.vcxproj", "{24335E6B-6E52-4F24-BA1E-CF61EFFA6692}"
EndProject
Project("{8BC9CEB8-8B4A-11D0-8D11-00A0C91BC942}") = "mfplay", "mfplay\mfplay.vcxproj", "{EFD7C2C9-B637-45EA-BFA4-114D38990A93}"
EndProject
Project("{8BC9CEB8-8B4A-11D0-8D11-00A0C91BC942}") = "mfsession", "mfsession\mfsession.vcxproj", "{DDDA4829-95BA-4052-857D-6488C0E5E1D9}"
EndProject
Project("{8BC9CEB8-8B4A-11D0-8D11-00A0C91BC942}") = "mfgen-dll", "mfgen-dll\mfgen-dll.vcxproj", "{D4311828-5B43-4ACE-BF44-7A485DD8F7D3}"
EndProject
Project("{8BC9CEB8-8B4A-11D0-8D11-00A0C91BC942}") = "mfplay-dll", "mfplay-dll\mfplay-dll.vcxproj", "{C182B480-9B6F-4F9E-8AA5-96CBBB1B62A0}"
EndProject
Project("{8BC9CEB8-8B4A-11D0-8D11-00A0C91BC942}") = "mfsession-dll", "mfsession-dll\mfsession-dll.vcxproj", "{589F6617-0E09-45A0-A447-297DC268C4CE}"
EndProject
Project("{8BC9CEB8-8B4A-11D0-8D11-00A0C91BC942}") = "mfstream", "mfstream\mfstream.vcxproj", "{9545DFB3-5623-4844-9DE9-760B2E707706}"
EndProject
Project("{8BC9CEB8-8B4A-11D0-8D11-00A0C91BC942}") = "mfstream-dll", "mfstream-dll\mfstream-dll.vcxproj", "{3ABE0DC0-7D40-4B37-BC81-592CD8DFE45C}"
EndProject
Project("{8BC9CEB8-8B4A-11D0-8D11-00A0C91BC942}") = "sodium", "libsodium\sodium.vcxproj", "{6D44E46D-CA84-4BC4-850F-C85235113111}"
EndProject
Project("{8BC9CEB8-8B4A-11D0-8D11-00A0C91BC942}") = "sodium-dll", "libsodium\sodium-dll.vcxproj", "{DA722EF1-3618-46A4-A076-BCC672B64587}"
EndProject
Project("{8BC9CEB8-8B4A-11D0-8D11-00A0C91BC942}") = "mfcrypto", "mfcrypto\mfcrypto.vcxproj", "{A419AB9C-D320-440A-B4D9-94A4AB549E1E}"
EndProject
Project("{8BC9CEB8-8B4A-11D0-8D11-00A0C91BC942}") = "mfcrypto-dll", "mfcrypto-dll\mfcrypto-dll.vcxproj", "{88928E27-72C4-4E5E-8A32-CB8B39202E34}"
EndProject
Project("{8BC9CEB8-8B4A-11D0-8D11-00A0C91BC942}") = "mfmessages", "mfmessages\mfmessages.vcxproj", "{1A90823F-1371-46B1-9ABF-1BE4B821DF4F}"
EndProject
Project("{8BC9CEB8-8B4A-11D0-8D11-00A0C91BC942}") = "mfmessages-dll", "mfmessages-dll\mfmessages-dll.vcxproj", "{EA9EEC1D-2336-4E21-B224-003B3A89AF88}"
EndProject
Project("{8BC9CEB8-8B4A-11D0-8D11-00A0C91BC942}") = "mfbroker", "mfbroker\mfbroker.vcxproj", "{55C32257-8377-4946-A14C-5975757293B0}"
EndProject
Project("{8BC9CEB8-8B4A-11D0-8D11-00A0C91BC942}") = "mflist", "mflist\mflist.vcxproj", "{82CB65C0-523C-4047-925B-E0F0FD0461C6}"
EndProject
Project("{8BC9CEB8-8B4A-11D0-8D11-00A0C91BC942}") = "mflist-dll", "mflist-dll\mflist-dll.vcxproj", "{195B95E3-2D86-4DF0-AFB2-19ADB6FBC032}"
EndProject
Project("{8BC9CEB8-8B4A-11D0-8D11-00A0C91BC942}") = "mfmemory", "mfmemory\mfmemory.vcxproj", "{C4FD1125-1312-496E-AFBD-A36E8FF6D045}"
EndProject
Project("{8BC9CEB8-8B4A-11D0-8D11-00A0C91BC942}") = "mfmemory-dll", "mfmemory-dll\mfmemory-dll.vcxproj", "{FEA2099C-7779-47BA-A220-0C67D9736A92}"
EndProject
Project("{8BC9CEB8-8B4A-11D0-8D11-00A0C91BC942}") = "mflock", "mflock\mflock.vcxproj", "{39C016E9-59D1-4184-9C80-212C5C827AA7}"
EndProject
Project("{8BC9CEB8-8B4A-11D0-8D11-00A0C91BC942}") = "mflock-dll", "mflock-dll\mflock-dll.vcxproj", "{33304475-C055-4B45-8917-C0CC6DB58B63}"
EndProject
Project("{8BC9CEB8-8B4A-11D0-8D11-00A0C91BC942}") = "mfthread", "mfthread\mfthread.vcxproj", "{A4FC09B6-19E8-4F34-BBBE-08D8A356684E}"
EndProject
Project("{8BC9CEB8-8B4A-11D0-8D11-00A0C91BC942}") = "mfthread-dll", "mfthread-dll\mfthread-dll.vcxproj", "{0CF2A788-15F9-408A-A970-E7FDE9F2B6D0}"
EndProject
Global
	GlobalSection(SolutionConfigurationPlatforms) = preSolution
		Debug|x64 = Debug|x64
		Debug|x86 = Debug|x86
		Release|x64 = Release|x64
		Release|x86 = Release|x86
	EndGlobalSection
	GlobalSection(ProjectConfigurationPlatforms) = postSolution
		{802CB91A-FB46-42CE-99F0-EA0940B29D3C}.Debug|x64.ActiveCfg = Debug|x64
		{802CB91A-FB46-42CE-99F0-EA0940B29D3C}.Debug|x64.Build.0 = Debug|x64
		{802CB91A-FB46-42CE-99F0-EA0940B29D3C}.Debug|x86.ActiveCfg = Debug|Win32
		{802CB91A-FB46-42CE-99F0-EA0940B29D3C}.Debug|x86.Build.0 = Debug|Win32
		{802CB91A-FB46-42CE-99F0-EA0940B29D3C}.Release|x64.ActiveCfg = Release|x64
		{802CB91A-FB46-42CE-99F0-EA0940B29D3C}.Release|x64.Build.0 = Release|x64
		{802CB91A-FB46-42CE-99F0-EA0940B29D3C}.Release|x86.ActiveCfg = Release|Win32
		{802CB91A-FB46-42CE-99F0-EA0940B29D3C}.Release|x86.Build.0 = Release|Win32
		{E8D23EAF-17B0-48F8-A740-B9ECABC6035A}.Debug|x64.ActiveCfg = Debug|x64
		{E8D23EAF-17B0-48F8-A740-B9ECABC6035A}.Debug|x64.Build.0 = Debug|x64
		{E8D23EAF-17B0-48F8-A740-B9ECABC6035A}.Debug|x86.ActiveCfg = Debug|Win32
		{E8D23EAF-17B0-48F8-A740-B9ECABC6035A}.Debug|x86.Build.0 = Debug|Win32
		{E8D23EAF-17B0-48F8-A740-B9ECABC6035A}.Release|x64.ActiveCfg = Release|x64
		{E8D23EAF-17B0-48F8-A740-B9ECABC6035A}.Release|x64.Build.0 = Release|x64
		{E8D23EAF-17B0-48F8-A740-B9ECABC6035A}.Release|x86.ActiveCfg = Release|Win32
		{E8D23EAF-17B0-48F8-A740-B9ECABC6035A}.Release|x86.Build.0 = Release|Win32
		{BDEE46BC-4E55-4B91-9B9C-E34DCAB67895}.Debug|x64.ActiveCfg = Debug|x64
		{BDEE46BC-4E55-4B91-9B9C-E34DCAB67895}.Debug|x64.Build.0 = Debug|x64
		{BDEE46BC-4E55-4B91-9B9C-E34DCAB67895}.Debug|x86.ActiveCfg = Debug|Win32
		{BDEE46BC-4E55-4B91-9B9C-E34DCAB67895}.Debug|x86.Build.0 = Debug|Win32
		{BDEE46BC-4E55-4B91-9B9C-E34DCAB67895}.Release|x64.ActiveCfg = Release|x64
		{BDEE46BC-4E55-4B91-9B9C-E34DCAB67895}.Release|x64.Build.0 = Release|x64
		{BDEE46BC-4E55-4B91-9B9C-E34DCAB67895}.Release|x86.ActiveCfg = Release|Win32
		{BDEE46BC-4E55-4B91-9B9C-E34DCAB67895}.Release|x86.Build.0 = Release|Win32
		{24335E6B-6E52-4F24-BA1E-CF61EFFA6692}.Debug|x64.ActiveCfg = Debug|x64
		{24335E6B-6E52-4F24-BA1E-CF61EFFA6692}.Debug|x64.Build.0 = Debug|x64
		{24335E6B-6E52-4F24-BA1E-CF61EFFA6692}.Debug|x86.ActiveCfg = Debug|Win32
		{24335E6B-6E52-4F24-BA1E-CF61EFFA6692}.Debug|x86.Build.0 = Debug|Win32
		{24335E6B-6E52-4F24-BA1E-CF61EFFA6692}.Release|x64.ActiveCfg = Release|x64
		{24335E6B-6E52-4F24-BA1E-CF61EFFA6692}.Release|x64.Build.0 = Release|x64
		{24335E6B-6E52-4F24-BA1E-CF61EFFA6692}.Release|x86.ActiveCfg = Release|Win32
		{24335E6B-6E52-4F24-BA1E-CF61EFFA6692}.Release|x86.Build.0 = Release|Win32
		{EFD7C2C9-B637-45EA-BFA4-114D38990A93}.Debug|x64.ActiveCfg = Debug|x64
		{EFD7C2C9-B637-45EA-BFA4-114D38990A93}.Debug|x64.Build.0 = Debug|x64
		{EFD7C2C9-B637-45EA-BFA4-114D38990A93}.Debug|x86.ActiveCfg = Debug|Win32
		{EFD7C2C9-B637-45EA-BFA4-114D38990A93}.Debug|x86.Build.0 = Debug|Win32
		{EFD7C2C9-B637-45EA-BFA4-114D38990A93}.Release|x64.ActiveCfg = Release|x64
		{EFD7C2C9-B637-45EA-BFA4-114D38990A93}.Release|x64.Build.0 = Release|x64
		{EFD7C2C9-B637-45EA-BFA4-114D38990A93}.Release|x86.ActiveCfg = Release|Win32
		{EFD7C2C9-B637-45EA-BFA4-114D38990A93}.Release|x86.Build.0 = Release|Win32
		{DDDA4829-95BA-4052-857D-6488C0E5E1D9}.Debug|x64.ActiveCfg = Debug|x64
		{DDDA4829-95BA-4052-857D-6488C0E5E1D9}.Debug|x64.Build.0 = Debug|x64
		{DDDA4829-95BA-4052-857D-6488C0E5E1D9}.Debug|x86.ActiveCfg = Debug|Win32
		{DDDA4829-95BA-4052-857D-6488C0E5E1D9}.Debug|x86.Build.0 = Debug|Win32
		{DDDA4829-95BA-4052-857D-6488C0E5E1D9}.Release|x64.ActiveCfg = Release|x64
		{DDDA4829-95BA-4052-857D-6488C0E5E1D9}.Release|x64.Build.0 = Release|x64
		{DDDA4829-95BA-4052-857D-6488C0E5E1D9}.Release|x86.ActiveCfg = Release|Win32
		{DDDA4829-95BA-4052-857D-6488C0E5E1D9}.Release|x86.Build.0 = Release|Win32
		{D4311828-5B43-4ACE-BF44-7A485DD8F7D3}.Debug|x64.ActiveCfg = Debug|x64
		{D4311828-5B43-4ACE-BF44-7A485DD8F7D3}.Debug|x64.Build.0 = Debug|x64
		{D4311828-5B43-4ACE-BF44-7A485DD8F7D3}.Debug|x86.ActiveCfg = Debug|Win32
		{D4311828-5B43-4ACE-BF44-7A485DD8F7D3}.Debug|x86.Build.0 = Debug|Win32
		{D4311828-5B43-4ACE-BF44-7A485DD8F7D3}.Release|x64.ActiveCfg = Release|x64
		{D4311828-5B43-4ACE-BF44-7A485DD8F7D3}.Release|x64.Build.0 = Release|x64
		{D4311828-5B43-4ACE-BF44-7A485DD8F7D3}.Release|x86.ActiveCfg = Release|Win32
		{D4311828-5B43-4ACE-BF44-7A485DD8F7D3}.Release|x86.Build.0 = Release|Win32
		{C182B480-9B6F-4F9E-8AA5-96CBBB1B62A0}.Debug|x64.ActiveCfg = Debug|x64
		{C182B480-9B6F-4F9E-8AA5-96CBBB1B62A0}.Debug|x64.Build.0 = Debug|x64
		{C182B480-9B6F-4F9E-8AA5-96CBBB1B62A0}.Debug|x86.ActiveCfg = Debug|Win32
		{C182B480-9B6F-4F9E-8AA5-96CBBB1B62A0}.Debug|x86.Build.0 = Debug|Win32
		{C182B480-9B6F-4F9E-8AA5-96CBBB1B62A0}.Release|x64.ActiveCfg = Release|x64
		{C182B480-9B6F-4F9E-8AA5-96CBBB1B62A0}.Release|x64.Build.0 = Release|x64
		{C182B480-9B6F-4F9E-8AA5-96CBBB1B62A0}.Release|x86.ActiveCfg = Release|Win32
		{C182B480-9B6F-4F9E-8AA5-96CBBB1B62A0}.Release|x86.Build.0 = Release|Win32
		{589F6617-0E09-45A0-A447-297DC268C4CE}.Debug|x64.ActiveCfg = Debug|x64
		{589F6617-0E09-45A0-A447-297DC268C4CE}.Debug|x64.Build.0 = Debug|x64
		{589F6617-0E09-45A0-A447-297DC268C4CE}.Debug|x86.ActiveCfg = Debug|Win32
		{589F6617-0E09-45A0-A447-297DC268C4CE}.Debug|x86.Build.0 = Debug|Win32
		{589F6617-0E09-45A0-A447-297DC268C4CE}.Release|x64.ActiveCfg = Release|x64
		{589F6617-0E09-45A0-A447-297DC268C4CE}.Release|x64.Build.0 = Release|x64
		{589F6617-0E09-45A0-A447-297DC268C4CE}.Release|x86.ActiveCfg = Release|Win32
		{589F6617-0E09-45A0-A447-297DC268C4CE}.Release|x86.Build.0 = Release|Win32
		{9545DFB3-5623-4844-9DE9-760B2E707706}.Debug|x64.ActiveCfg = Debug|x64
		{9545DFB3-5623-4844-9DE9-760B2E707706}.Debug|x64.Build.0 = Debug|x64
		{9545DFB3-5623-4844-9DE9-760B2E707706}.Debug|x86.ActiveCfg = Debug|Win32
		{9545DFB3-5623-4844-9DE9-760B2E707706}.Debug|x86.Build.0 = Debug|Win32
		{9545DFB3-5623-4844-9DE9-760B2E707706}.Release|x64.ActiveCfg = Release|x64
		{9545DFB3-5623-4844-9DE9-760B2E707706}.Release|x64.Build.0 = Release|x64
		{9545DFB3-5623-4844-9DE9-760B2E707706}.Release|x86.ActiveCfg = Release|Win32
		{9545DFB3-5623-4844-9DE9-760B2E707706}.Release|x86.Build.0 = Release|Win32
		{3ABE0DC0-7D40-4B37-BC81-592CD8DFE45C}.Debug|x64.ActiveCfg = Debug|x64
		{3ABE0DC0-7D40-4B37-BC81-592CD8DFE45C}.Debug|x64.Build.0 = Debug|x64
		{3ABE0DC0-7D40-4B37-BC81-592CD8DFE45C}.Debug|x86.ActiveCfg = Debug|Win32
		{3ABE0DC0-7D40-4B37-BC81-592CD8DFE45C}.Debug|x86.Build.0 = Debug|Win32
		{3ABE0DC0-7D40-4B37-BC81-592CD8DFE45C}.Release|x64.ActiveCfg = Release|x64
		{3ABE0DC0-7D40-4B37-BC81-592CD8DFE45C}.Release|x64.Build.0 = Release|x64
		{3ABE0DC0-7D40-4B37-BC81-592CD8DFE45C}.Release|x86.ActiveCfg = Release|Win32
		{3ABE0DC0-7D40-4B37-BC81-592CD8DFE45C}.Release|x86.Build.0 = Release|Win32
		{6D44E46D-CA84-4BC4-850F-C85235113111}.Debug|x64.ActiveCfg = Debug|x64
		{6D44E46D-CA84-4BC4-850F-C85235113111}.Debug|x64.Build.0 = Debug|x64
		{6D44E46D-CA84-4BC4-850F-C85235113111}.Debug|x86.ActiveCfg = Debug|Win32
		{6D44E46D-CA84-4BC4-850F-C85235113111}.Debug|x86.Build.0 = Debug|Win32
		{6D44E46D-CA84-4BC4-850F-C85235113111}.Release|x64.ActiveCfg = Release|x64
		{6D44E46D-CA84-4BC4-850F-C85235113111}.Release|x64.Build.0 = Release|x64
		{6D44E46D-CA84-4BC4-850F-C85235113111}.Release|x86.ActiveCfg = Release|Win32
		{6D44E46D-CA84-4BC4-850F-C85235113111}.Release|x86.Build.0 = Release|Win32
		{DA722EF1-3618-46A4-A076-BCC672B64587}.Debug|x64.ActiveCfg = Debug|x64
		{DA722EF1-3618-46A4-A076-BCC672B64587}.Debug|x64.Build.0 = Debug|x64
		{DA722EF1-3618-46A4-A076-BCC672B64587}.Debug|x86.ActiveCfg = Debug|Win32
		{DA722EF1-3618-46A4-A076-BCC672B64587}.Debug|x86.Build.0 = Debug|Win32
		{DA722EF1-3618-46A4-A076-BCC672B64587}.Release|x64.ActiveCfg = Release|x64
		{DA722EF1-3618-46A4-A076-BCC672B64587}.Release|x64.Build.0 = Release|x64
		{DA722EF1-3618-46A4-A076-BCC672B64587}.Release|x86.ActiveCfg = Release|Win32
		{DA722EF1-3618-46A4-A076-BCC672B64587}.Release|x86.Build.0 = Release|Win32
		{A419AB9C-D320-440A-B4D9-94A4AB549E1E}.Debug|x64.ActiveCfg = Debug|x64
		{A419AB9C-D320-440A-B4D9-94A4AB549E1E}.Debug|x64.Build.0 = Debug|x64
		{A419AB9C-D320-440A-B4D9-94A4AB549E1E}.Debug|x86.ActiveCfg = Debug|Win32
		{A419AB9C-D320-440A-B4D9-94A4AB549E1E}.Debug|x86.Build.0 = Debug|Win32
		{A419AB9C-D320-440A-B4D9-94A4AB549E1E}.Release|x64.ActiveCfg = Release|x64
		{A419AB9C-D320-440A-B4D9-94A4AB549E1E}.Release|x64.Build.0 = Release|x64
		{A419AB9C-D320-440A-B4D9-94A4AB549E1E}.Release|x86.ActiveCfg = Release|Win32
		{A419AB9C-D320-440A-B4D9-94A4AB549E1E}.Release|x86.Build.0 = Release|Win32
		{88928E27-72C4-4E5E-8A32-CB8B39202E34}.Debug|x64.ActiveCfg = Debug|x64
		{88928E27-72C4-4E5E-8A32-CB8B39202E34}.Debug|x64.Build.0 = Debug|x64
		{88928E27-72C4-4E5E-8A32-CB8B39202E34}.Debug|x86.ActiveCfg = Debug|Win32
		{88928E27-72C4-4E5E-8A32-CB8B39202E34}.Debug|x86.Build.0 = Debug|Win32
		{88928E27-72C4-4E5E-8A32-CB8B39202E34}.Release|x64.ActiveCfg = Release|x64
		{88928E27-72C4-4E5E-8A32-CB8B39202E34}.Release|x64.Build.0 = Release|x64
		{88928E27-72C4-4E5E-8A32-CB8B39202E34}.Release|x86.ActiveCfg = Release|Win32
		{88928E27-72C4-4E5E-8A32-CB8B39202E34}.Release|x86.Build.0 = Release|Win32
		{1A90823F-1371-46B1-9ABF-1BE4B821DF4F}.Debug|x64.ActiveCfg = Debug|x64
		{1A90823F-1371-46B1-9ABF-1BE4B821DF4F}.Debug|x64.Build.0 = Debug|x64
		{1A90823F-1371-46B1-9ABF-1BE4B821DF4F}.Debug|x86.ActiveCfg = Debug|Win32
		{1A90823F-1371-46B1-9ABF-1BE4B821DF4F}.Debug|x86.Build.0 = Debug|Win32
		{1A90823F-1371-46B1-9ABF-1BE4B821DF4F}.Release|x64.ActiveCfg = Release|x64
		{1A90823F-1371-46B1-9ABF-1BE4B821DF4F}.Release|x64.Build.0 = Release|x64
		{1A90823F-1371-46B1-9ABF-1BE4B821DF4F}.Release|x86.ActiveCfg = Release|Win32
		{1A90823F-1371-46B1-9ABF-1BE4B821DF4F}.Release|x86.Build.0 = Release|Win32
		{EA9EEC1D-2336-4E21-B224-003B3A89AF88}.Debug|x64.ActiveCfg = Debug|x64
		{EA9EEC1D-2336-4E21-B224-003B3A89AF88}.Debug|x64.Build.0 = Debug|x64
		{EA9EEC1D-2336-4E21-B224-003B3A89AF88}.Debug|x86.ActiveCfg = Debug|Win32
		{EA9EEC1D-2336-4E21-B224-003B3A89AF88}.Debug|x86.Build.0 = Debug|Win32
		{EA9EEC1D-2336-4E21-B224-003B3A89AF88}.Release|x64.ActiveCfg = Release|x64
		{EA9EEC1D-2336-4E21-B224-003B3A89AF88}.Release|x64.Build.0 = Release|x64
		{EA9EEC1D-2336-4E21-B224-003B3A89AF88}.Release|x86.ActiveCfg = Release|Win32
		{EA9EEC1D-2336-4E21-B224-003B3A89AF88}.Release|x86.Build.0 = Release|Win32
		{55C32257-8377-4946-A14C-5975757293B0}.Debug|x64.ActiveCfg = Debug|x64
		{55C32257-8377-4946-A14C-5975757293B0}.Debug|x64.Build.0 = Debug|x64
		{55C32257-8377-4946-A14C-5975757293B0}.Debug|x86.ActiveCfg = Debug|Win32
		{55C32257-8377-4946-A14C-5975757293B0}.Debug|x86.Build.0 = Debug|Win32
		{55C32257-8377-4946-A14C-5975757293B0}.Release|x64.ActiveCfg = Release|x64
		{55C32257-8377-4946-A14C-5975757293B0}.Release|x64.Build.0 = Release|x64
		{55C32257-8377-4946-A14C-5975757293B0}.Release|x86.ActiveCfg = Release|Win32
		{55C32257-8377-4946-A14C-5975757293B0}.Release|x86.Build.0 = Release|Win32
		{82CB65C0-523C-4047-925B-E0F0FD0461C6}.Debug|x64.ActiveCfg = Debug|x64
		{82CB65C0-523C-4047-925B-E0F0FD0461C6}.Debug|x64.Build.0 = Debug|x64
		{82CB65C0-523C-4047-925B-E0F0FD0461C6}.Debug|x86.ActiveCfg = Debug|Win32
		{82CB65C0-523C-4047-925B-E0F0FD0461C6}.Debug|x86.Build.0 = Debug|Win32
		{82CB65C0-523C-4047-925B-E0F0FD0461C6}.Release|x64.ActiveCfg = Release|x64
		{82CB65C0-523C-4047-925B-E0F0FD0461C6}.Release|x64.Build.0 = Release|x64
		{82CB65C0-523C-4047-925B-E0F0FD0461C6}.Release|x86.ActiveCfg = Release|Win32
		{82CB65C0-523C-4047-925B-E0F0FD0461C6}.Release|x86.Build.0 = Release|Win32
		{195B95E3-2D86-4DF0-AFB2-19ADB6FBC032}.Debug|x64.ActiveCfg = Debug|x64
		{195B95E3-2D86-4DF0-AFB2-19ADB6FBC032}.Debug|x64.Build.0 = Debug|x64
		{195B95E3-2D86-4DF0-AFB2-19ADB6FBC032}.Debug|x86.ActiveCfg = Debug|Win32
		{195B95E3-2D86-4DF0-AFB2-19ADB6FBC032}.Debug|x86.Build.0 = Debug|Win32
		{195B95E3-2D86-4DF0-AFB2-19ADB6FBC032}.Release|x64.ActiveCfg = Release|x64
		{195B95E3-2D86-4DF0-AFB2-19ADB6FBC032}.Release|x64.Build.0 = Release|x64
		{195B95E3-2D86-4DF0-AFB2-19ADB6FBC032}.Release|x86.ActiveCfg = Release|Win32
		{195B95E3-2D86-4DF0-AFB2-19ADB6FBC032}.Release|x86.Build.0 = Release|Win32
		{C4FD1125-1312-496E-AFBD-A36E8FF6D045}.Debug|x64.ActiveCfg = Debug|x64
		{C4FD1125-1312-496E-AFBD-A36E8FF6D045}.Debug|x64.Build.0 = Debug|x64
		{C4FD1125-1312-496E-AFBD-A36E8FF6D045}.Debug|x86.ActiveCfg = Debug|Win32
		{C4FD1125-1312-496E-AFBD-A36E8FF6D045}.Debug|x86.Build.0 = Debug|Win32
		{C4FD1125-1312-496E-AFBD-A36E8FF6D045}.Release|x64.ActiveCfg = Release|x64
		{C4FD1125-1312-496E-AFBD-A36E8FF6D045}.Release|x64.Build.0 = Release|x64
		{C4FD1125-1312-496E-AFBD-A36E8FF6D045}.Release|x86.ActiveCfg = Release|Win32
		{C4FD1125-1312-496E-AFBD-A36E8FF6D045}.Release|x86.Build.0 = Release|Win32
		{FEA2099C-7779-47BA-A220-0C67D9736A92}.Debug|x64.ActiveCfg = Debug|x64
		{FEA2099C-7779-47BA-A220-0C67D9736A92}.Debug|x64.Build.0 = Debug|x64
		{FEA2099C-7779-47BA-A220-0C67D9736A92}.Debug|x86.ActiveCfg = Debug|Win32
		{FEA2099C-7779-47BA-A220-0C67D9736A92}.Debug|x86.Build.0 = Debug|Win32
		{FEA2099C-7779-47BA-A220-0C67D9736A92}.Release|x64.ActiveCfg = Release|x64
		{FEA2099C-7779-47BA-A220-0C67D9736A92}.Release|x64.Build.0 = Release|x64
		{FEA2099C-7779-47BA-A220-0C67D9736A92}.Release|x86.ActiveCfg = Release|Win32
		{FEA2099C-7779-47BA-A220-0C67D9736A92}.Release|x86.Build.0 = Release|Win32
		{39C016E9-59D1-4184-9C80-212C5C827AA7}.Debug|x64.ActiveCfg = Debug|x64
		{39C016E9-59D1-4184-9C80-212C5C827AA7}.Debug|x64.Build.0 = Debug|x64
		{39C016E9-59D1-4184-9C80-212C5C827AA7}.Debug|x86.ActiveCfg = Debug|Win32
		{39C016E9-59D1-4184-9C80-212C5C827AA7}.Debug|x86.Build.0 = Debug|Win32
		{39C016E9-59D1-4184-9C80-212C5C827AA7}.Release|x64.ActiveCfg = Release|x64
		{39C016E9-59D1-4184-9C80-212C5C827AA7}.Release|x64.Build.0 = Release|x64
		{39C016E9-59D1-4184-9C80-212C5C827AA7}.Release|x86.ActiveCfg = Release|Win32
		{39C016E9-59D1-4184-9C80-212C5C827AA7}.Release|x86.Build.0 = Release|Win32
		{33304475-C055-4B45-8917-C0CC6DB58B63}.Debug|x64.ActiveCfg = Debug|x64
		{33304475-C055-4B45-8917-C0CC6DB58B63}.Debug|x64.Build.0 = Debug|x64
		{33304475-C055-4B45-8917-C0CC6DB58B63}.Debug|x86.ActiveCfg = Debug|Win32
		{33304475-C055-4B45-8917-C0CC6DB58B63}.Debug|x86.Build.0 = Debug|Win32
		{33304475-C055-4B45-8917-C0CC6DB58B63}.Release|x64.ActiveCfg = Release|x64
		{33304475-C055-4B45-8917-C0CC6DB58B63}.Release|x64.Build.0 = Release|x64
		{33304475-C055-4B45-8917-C0CC6DB58B63}.Release|x86.ActiveCfg = Release|Win32
		{33304475-C055-4B45-8917-C0CC6DB58B63}.Release|x86.Build.0 = Release|Win32
		{A4FC09B6-19E8-4F34-BBBE-08D8A356684E}.Debug|x64.ActiveCfg = Debug|x64
		{A4FC09B6-19E8-4F34-BBBE-08D8A356684E}.Debug|x64.Build.0 = Debug|x64
		{A4FC09B6-19E8-4F34-BBBE-08D8A356684E}.Debug|x86.ActiveCfg = Debug|Win32
		{A4FC09B6-19E8-4F34-BBBE-08D8A356684E}.Debug|x86.Build.0 = Debug|Win32
		{A4FC09B6-19E8-4F34-BBBE-08D8A356684E}.Release|x64.ActiveCfg = Release|x64
		{A4FC09B6-19E8-4F34-BBBE-08D8A356684E}.Release|x64.Build.0 = Release|x64
		{A4FC09B6-19E8-4F34-BBBE-08D8A356684E}.Release|x86.ActiveCfg = Release|Win32
		{A4FC09B6-19E8-4F34-BBBE-08D8A356684E}.Release|x86.Build.0 = Release|Win32
		{0CF2A788-15F9-408A-A970-E7FDE9F2B6D0}.Debug|x64.ActiveCfg = Debug|x64
		{0CF2A788-15F9-408A-A970-E7FDE9F2B6D0}.Debug|x64.Build.0 = Debug|x64
		{0CF2A788-15F9-408A-A970-E7FDE9F2B6D0}.Debug|x86.ActiveCfg = Debug|Win32
		{0CF2A788-15F9-408A-A970-E7FDE9F2B6D0}.Debug|x86.Build.0 = Debug|Win32
		{0CF2A788-15F9-408A-A970-E7FDE9F2B6D0}.Release|x64.ActiveCfg = Release|x64
		{0CF2A788-15F9-408A-A970-E7FDE9F2B6D0}.Release|x64.Build.0 = Release|x64
		{0CF2A788-15F9-408A-A970-E7FDE9F2B6D0}.Release|x86.ActiveCfg = Release|Win32
		{0CF2A788-15F9-408A-A970-E7FDE9F2B6D0}.Release|x86.Build.0 = Release|Win32
	EndGlobalSection
	GlobalSection(SolutionProperties) = preSolution
		HideSolutionNode = FALSE
	EndGlobalSection
	GlobalSection(ExtensibilityGlobals) = postSolution
		SolutionGuid = {2A8D4D7A-796C-4EE5-B486-509D298A6CBB}
	EndGlobalSection
EndGlobal
